
Microsoft Visual Studio Solution File, Format Version 12.00
# Visual Studio 15
VisualStudioVersion = 15.0.27130.2036
MinimumVisualStudioVersion = 10.0.40219.1
Project("{FAE04EC0-301F-11D3-BF4B-00C04F79EFBC}") = "Project PCS", "Project PCS\Project PCS.csproj", "{BC723C2F-6938-4F8A-8DAB-688B8150B3CE}"
EndProject
Global
	GlobalSection(SolutionConfigurationPlatforms) = preSolution
		Debug|Any CPU = Debug|Any CPU
		Release|Any CPU = Release|Any CPU
	EndGlobalSection
	GlobalSection(ProjectConfigurationPlatforms) = postSolution
		{BC723C2F-6938-4F8A-8DAB-688B8150B3CE}.Debug|Any CPU.ActiveCfg = Debug|Any CPU
		{BC723C2F-6938-4F8A-8DAB-688B8150B3CE}.Debug|Any CPU.Build.0 = Debug|Any CPU
		{BC723C2F-6938-4F8A-8DAB-688B8150B3CE}.Release|Any CPU.ActiveCfg = Release|Any CPU
		{BC723C2F-6938-4F8A-8DAB-688B8150B3CE}.Release|Any CPU.Build.0 = Release|Any CPU
	EndGlobalSection
	GlobalSection(SolutionProperties) = preSolution
		HideSolutionNode = FALSE
	EndGlobalSection
	GlobalSection(ExtensibilityGlobals) = postSolution
		SolutionGuid = {43B6E015-815D-4E00-85BC-7FD7FCD72120}
	EndGlobalSection
EndGlobal
